
Microsoft Visual Studio Solution File, Format Version 12.00
# Visual Studio Version 16
VisualStudioVersion = 16.0.32929.386
MinimumVisualStudioVersion = 10.0.40219.1
Project("{9A19103F-16F7-4668-BE54-9A1E7A4F7556}") = "GRSHOP", "GRSHOP\GRSHOP.csproj", "{53D982F6-5DAE-4219-AB1D-67B599685813}"
EndProject
Global
	GlobalSection(SolutionConfigurationPlatforms) = preSolution
		Debug|Any CPU = Debug|Any CPU
		Release|Any CPU = Release|Any CPU
	EndGlobalSection
	GlobalSection(ProjectConfigurationPlatforms) = postSolution
		{53D982F6-5DAE-4219-AB1D-67B599685813}.Debug|Any CPU.ActiveCfg = Debug|Any CPU
		{53D982F6-5DAE-4219-AB1D-67B599685813}.Debug|Any CPU.Build.0 = Debug|Any CPU
		{53D982F6-5DAE-4219-AB1D-67B599685813}.Release|Any CPU.ActiveCfg = Release|Any CPU
		{53D982F6-5DAE-4219-AB1D-67B599685813}.Release|Any CPU.Build.0 = Release|Any CPU
	EndGlobalSection
	GlobalSection(SolutionProperties) = preSolution
		HideSolutionNode = FALSE
	EndGlobalSection
	GlobalSection(ExtensibilityGlobals) = postSolution
		SolutionGuid = {ABC4BC31-8A15-43FB-A195-6A6F070E04D5}
	EndGlobalSection
EndGlobal
